
Microsoft Visual Studio Solution File, Format Version 12.00
# Visual Studio Version 16
VisualStudioVersion = 16.0.31105.61
MinimumVisualStudioVersion = 10.0.40219.1
Project("{FAE04EC0-301F-11D3-BF4B-00C04F79EFBC}") = "ClassMetotDemo", "ClassMetotDemo\ClassMetotDemo.csproj", "{F3CA4209-1B43-4453-9FDB-0FE28BADC9C9}"
EndProject
Global
	GlobalSection(SolutionConfigurationPlatforms) = preSolution
		Debug|Any CPU = Debug|Any CPU
		Release|Any CPU = Release|Any CPU
	EndGlobalSection
	GlobalSection(ProjectConfigurationPlatforms) = postSolution
		{F3CA4209-1B43-4453-9FDB-0FE28BADC9C9}.Debug|Any CPU.ActiveCfg = Debug|Any CPU
		{F3CA4209-1B43-4453-9FDB-0FE28BADC9C9}.Debug|Any CPU.Build.0 = Debug|Any CPU
		{F3CA4209-1B43-4453-9FDB-0FE28BADC9C9}.Release|Any CPU.ActiveCfg = Release|Any CPU
		{F3CA4209-1B43-4453-9FDB-0FE28BADC9C9}.Release|Any CPU.Build.0 = Release|Any CPU
	EndGlobalSection
	GlobalSection(SolutionProperties) = preSolution
		HideSolutionNode = FALSE
	EndGlobalSection
	GlobalSection(ExtensibilityGlobals) = postSolution
		SolutionGuid = {4CBE1D68-A463-41FE-B4D6-F6E3122DB4A4}
	EndGlobalSection
EndGlobal
